
Microsoft Visual Studio Solution File, Format Version 12.00
# Visual Studio Version 16
VisualStudioVersion = 16.0.29613.14
MinimumVisualStudioVersion = 10.0.40219.1
Project("{FAE04EC0-301F-11D3-BF4B-00C04F79EFBC}") = "XmlFormatter", "XmlFormatter\XmlFormatter.csproj", "{0EAED5C3-DAB2-4919-9C26-EAD4D8222BD0}"
	ProjectSection(ProjectDependencies) = postProject
		{4FC9F80F-73AB-4647-8A7D-0F6284CD9258} = {4FC9F80F-73AB-4647-8A7D-0F6284CD9258}
		{CF65B491-2BA5-4F7A-968F-35E21DE5CC7D} = {CF65B491-2BA5-4F7A-968F-35E21DE5CC7D}
	EndProjectSection
EndProject
Project("{FAE04EC0-301F-11D3-BF4B-00C04F79EFBC}") = "XmlFormatterModel", "XMLFormatterData\XmlFormatterModel.csproj", "{F2245AAE-DFAF-41CC-8AF2-D3836B558847}"
EndProject
Project("{FAE04EC0-301F-11D3-BF4B-00C04F79EFBC}") = "JsonPlugin", "JsonPlugin\JsonPlugin.csproj", "{CF65B491-2BA5-4F7A-968F-35E21DE5CC7D}"
EndProject
Project("{FAE04EC0-301F-11D3-BF4B-00C04F79EFBC}") = "CorePlugin", "CorePlugin\CorePlugin.csproj", "{4FC9F80F-73AB-4647-8A7D-0F6284CD9258}"
EndProject
Project("{FAE04EC0-301F-11D3-BF4B-00C04F79EFBC}") = "PluginFramework", "PluginFramework\PluginFramework.csproj", "{9833586D-9807-4930-8540-3CF012A1BB59}"
EndProject
Global
	GlobalSection(SolutionConfigurationPlatforms) = preSolution
		Debug|Any CPU = Debug|Any CPU
		Release|Any CPU = Release|Any CPU
	EndGlobalSection
	GlobalSection(ProjectConfigurationPlatforms) = postSolution
		{0EAED5C3-DAB2-4919-9C26-EAD4D8222BD0}.Debug|Any CPU.ActiveCfg = Debug|Any CPU
		{0EAED5C3-DAB2-4919-9C26-EAD4D8222BD0}.Debug|Any CPU.Build.0 = Debug|Any CPU
		{0EAED5C3-DAB2-4919-9C26-EAD4D8222BD0}.Release|Any CPU.ActiveCfg = Release|Any CPU
		{0EAED5C3-DAB2-4919-9C26-EAD4D8222BD0}.Release|Any CPU.Build.0 = Release|Any CPU
		{F2245AAE-DFAF-41CC-8AF2-D3836B558847}.Debug|Any CPU.ActiveCfg = Debug|Any CPU
		{F2245AAE-DFAF-41CC-8AF2-D3836B558847}.Debug|Any CPU.Build.0 = Debug|Any CPU
		{F2245AAE-DFAF-41CC-8AF2-D3836B558847}.Release|Any CPU.ActiveCfg = Release|Any CPU
		{F2245AAE-DFAF-41CC-8AF2-D3836B558847}.Release|Any CPU.Build.0 = Release|Any CPU
		{CF65B491-2BA5-4F7A-968F-35E21DE5CC7D}.Debug|Any CPU.ActiveCfg = Debug|Any CPU
		{CF65B491-2BA5-4F7A-968F-35E21DE5CC7D}.Debug|Any CPU.Build.0 = Debug|Any CPU
		{CF65B491-2BA5-4F7A-968F-35E21DE5CC7D}.Release|Any CPU.ActiveCfg = Release|Any CPU
		{CF65B491-2BA5-4F7A-968F-35E21DE5CC7D}.Release|Any CPU.Build.0 = Release|Any CPU
		{4FC9F80F-73AB-4647-8A7D-0F6284CD9258}.Debug|Any CPU.ActiveCfg = Debug|Any CPU
		{4FC9F80F-73AB-4647-8A7D-0F6284CD9258}.Debug|Any CPU.Build.0 = Debug|Any CPU
		{4FC9F80F-73AB-4647-8A7D-0F6284CD9258}.Release|Any CPU.ActiveCfg = Release|Any CPU
		{4FC9F80F-73AB-4647-8A7D-0F6284CD9258}.Release|Any CPU.Build.0 = Release|Any CPU
		{9833586D-9807-4930-8540-3CF012A1BB59}.Debug|Any CPU.ActiveCfg = Debug|Any CPU
		{9833586D-9807-4930-8540-3CF012A1BB59}.Debug|Any CPU.Build.0 = Debug|Any CPU
		{9833586D-9807-4930-8540-3CF012A1BB59}.Release|Any CPU.ActiveCfg = Release|Any CPU
		{9833586D-9807-4930-8540-3CF012A1BB59}.Release|Any CPU.Build.0 = Release|Any CPU
	EndGlobalSection
	GlobalSection(SolutionProperties) = preSolution
		HideSolutionNode = FALSE
	EndGlobalSection
	GlobalSection(ExtensibilityGlobals) = postSolution
		SolutionGuid = {EF4A64B2-B27F-4E44-B000-16BB484612D8}
	EndGlobalSection
EndGlobal
