
Microsoft Visual Studio Solution File, Format Version 12.00
# Visual Studio Version 16
VisualStudioVersion = 16.0.29613.14
MinimumVisualStudioVersion = 10.0.40219.1
Project("{FAE04EC0-301F-11D3-BF4B-00C04F79EFBC}") = "XmlFormatter", "XmlFormatter\XmlFormatter.csproj", "{0EAED5C3-DAB2-4919-9C26-EAD4D8222BD0}"
EndProject
Project("{FAE04EC0-301F-11D3-BF4B-00C04F79EFBC}") = "JsonPlugin", "JsonPlugin\JsonPlugin.csproj", "{61B2922F-25C0-4F10-8DF0-FF91287C4452}"
EndProject
Project("{FAE04EC0-301F-11D3-BF4B-00C04F79EFBC}") = "CorePlugin", "CorePlugin\CorePlugin.csproj", "{3E81CFB2-ADEE-4B81-BC13-F6CE8546F9C9}"
EndProject
Project("{FAE04EC0-301F-11D3-BF4B-00C04F79EFBC}") = "PluginFramework", "PluginFramework\PluginFramework.csproj", "{9808F069-6DC1-4C26-A434-16630FC697E8}"
EndProject
Global
	GlobalSection(SolutionConfigurationPlatforms) = preSolution
		Debug|Any CPU = Debug|Any CPU
		Release|Any CPU = Release|Any CPU
	EndGlobalSection
	GlobalSection(ProjectConfigurationPlatforms) = postSolution
		{0EAED5C3-DAB2-4919-9C26-EAD4D8222BD0}.Debug|Any CPU.ActiveCfg = Debug|Any CPU
		{0EAED5C3-DAB2-4919-9C26-EAD4D8222BD0}.Debug|Any CPU.Build.0 = Debug|Any CPU
		{0EAED5C3-DAB2-4919-9C26-EAD4D8222BD0}.Release|Any CPU.ActiveCfg = Release|Any CPU
		{0EAED5C3-DAB2-4919-9C26-EAD4D8222BD0}.Release|Any CPU.Build.0 = Release|Any CPU
		{61B2922F-25C0-4F10-8DF0-FF91287C4452}.Debug|Any CPU.ActiveCfg = Debug|Any CPU
		{61B2922F-25C0-4F10-8DF0-FF91287C4452}.Debug|Any CPU.Build.0 = Debug|Any CPU
		{61B2922F-25C0-4F10-8DF0-FF91287C4452}.Release|Any CPU.ActiveCfg = Release|Any CPU
		{61B2922F-25C0-4F10-8DF0-FF91287C4452}.Release|Any CPU.Build.0 = Release|Any CPU
		{3E81CFB2-ADEE-4B81-BC13-F6CE8546F9C9}.Debug|Any CPU.ActiveCfg = Debug|Any CPU
		{3E81CFB2-ADEE-4B81-BC13-F6CE8546F9C9}.Debug|Any CPU.Build.0 = Debug|Any CPU
		{3E81CFB2-ADEE-4B81-BC13-F6CE8546F9C9}.Release|Any CPU.ActiveCfg = Release|Any CPU
		{3E81CFB2-ADEE-4B81-BC13-F6CE8546F9C9}.Release|Any CPU.Build.0 = Release|Any CPU
		{9808F069-6DC1-4C26-A434-16630FC697E8}.Debug|Any CPU.ActiveCfg = Debug|Any CPU
		{9808F069-6DC1-4C26-A434-16630FC697E8}.Debug|Any CPU.Build.0 = Debug|Any CPU
		{9808F069-6DC1-4C26-A434-16630FC697E8}.Release|Any CPU.ActiveCfg = Release|Any CPU
		{9808F069-6DC1-4C26-A434-16630FC697E8}.Release|Any CPU.Build.0 = Release|Any CPU
	EndGlobalSection
	GlobalSection(SolutionProperties) = preSolution
		HideSolutionNode = FALSE
	EndGlobalSection
	GlobalSection(ExtensibilityGlobals) = postSolution
		SolutionGuid = {EF4A64B2-B27F-4E44-B000-16BB484612D8}
	EndGlobalSection
EndGlobal
